dependencies:
- name: elasticsearch
  repository: https://charts.bitnami.com/bitnami
  version: 19.17.0
- name: postgresql
  repository: https://charts.bitnami.com/bitnami
  version: 15.4.1
- name: backend
  repository: ""
  version: '*'
- name: frontend
  repository: ""
  version: '*'
- name: admin-portal
  repository: ""
  version: '*'
- name: selfservice-portal
  repository: ""
  version: '*'
- name: eai
  repository: ""
  version: '*'
digest: sha256:7520e1e3f78a2414450353a9d334d011f98d47e97a25cb12be56099bf0ec765c
generated: "2024-05-27T10:08:15.141886594Z"
