dependencies:
- name: elasticsearch
  repository: https://charts.bitnami.com/bitnami
  version: 22.0.12
- name: postgresql
  repository: https://charts.bitnami.com/bitnami
  version: 14.3.3
- name: keycloak
  repository: https://charts.bitnami.com/bitnami
  version: 24.4.13
- name: backend
  repository: ""
  version: '*'
- name: frontend
  repository: ""
  version: '*'
- name: admin-portal
  repository: ""
  version: '*'
- name: selfservice-portal
  repository: ""
  version: '*'
- name: eai
  repository: ""
  version: '*'
digest: sha256:48649252821b24faf91b809d6530fd8cd01b3f42d3d3047926c0706d7d1b497e
generated: "2025-07-11T17:27:03.466765347Z"
