dependencies:
- name: elasticsearch
  repository: https://charts.bitnami.com/bitnami
  version: 22.0.6
- name: postgresql
  repository: https://charts.bitnami.com/bitnami
  version: 14.3.3
- name: keycloak
  repository: https://charts.bitnami.com/bitnami
  version: 24.4.13
- name: backend
  repository: ""
  version: '*'
- name: frontend
  repository: ""
  version: '*'
- name: admin-portal
  repository: ""
  version: '*'
- name: selfservice-portal
  repository: ""
  version: '*'
- name: eai
  repository: ""
  version: '*'
digest: sha256:1cb15c02f23330ee84347a1fc4e227c398efcb65c03cd4561108e1e4756d2fe9
generated: "2025-06-06T20:25:16.71127259Z"
